// !$*UTF8*$!
{
	archiveVersion = 1;
	classes = {
	};
	objectVersion = 46;
	objects = {

/* Begin PBXBuildFile section */
		B4C15AD01E6433D300C0A7F5 /* main.m in Sources */ = {isa = PBXBuildFile; fileRef = B4C15ACF1E6433D300C0A7F5 /* main.m */; };
		B4C15AD31E6433D300C0A7F5 /* AppDelegate.m in Sources */ = {isa = PBXBuildFile; fileRef = B4C15AD21E6433D300C0A7F5 /* AppDelegate.m */; };
		B4C15AD61E6433D300C0A7F5 /* ViewController.m in Sources */ = {isa = PBXBuildFile; fileRef = B4C15AD51E6433D300C0A7F5 /* ViewController.m */; };
		B4C15AD91E6433D300C0A7F5 /* Main.storyboard in Resources */ = {isa = PBXBuildFile; fileRef = B4C15AD71E6433D300C0A7F5 /* Main.storyboard */; };
		B4C15ADB1E6433D300C0A7F5 /* Assets.xcassets in Resources */ = {isa = PBXBuildFile; fileRef = B4C15ADA1E6433D300C0A7F5 /* Assets.xcassets */; };
		B4C15ADE1E6433D300C0A7F5 /* LaunchScreen.storyboard in Resources */ = {isa = PBXBuildFile; fileRef = B4C15ADC1E6433D300C0A7F5 /* LaunchScreen.storyboard */; };
		B4C15AE91E6433D300C0A7F5 /* SimpleNotePadAppTests.m in Sources */ = {isa = PBXBuildFile; fileRef = B4C15AE81E6433D300C0A7F5 /* SimpleNotePadAppTests.m */; };
		B4C15AF41E6433D300C0A7F5 /* SimpleNotePadAppUITests.m in Sources */ = {isa = PBXBuildFile; fileRef = B4C15AF31E6433D300C0A7F5 /* SimpleNotePadAppUITests.m */; };
/* End PBXBuildFile section */

/* Begin PBXContainerItemProxy section */
		B4C15AE51E6433D300C0A7F5 /* PBXContainerItemProxy */ = {
			isa = PBXContainerItemProxy;
			containerPortal = B4C15AC31E6433D200C0A7F5 /* Project object */;
			proxyType = 1;
			remoteGlobalIDString = B4C15ACA1E6433D300C0A7F5;
			remoteInfo = SimpleNotePadApp;
		};
		B4C15AF01E6433D300C0A7F5 /* PBXContainerItemProxy */ = {
			isa = PBXContainerItemProxy;
			containerPortal = B4C15AC31E6433D200C0A7F5 /* Project object */;
			proxyType = 1;
			remoteGlobalIDString = B4C15ACA1E6433D300C0A7F5;
			remoteInfo = SimpleNotePadApp;
		};
/* End PBXContainerItemProxy section */

/* Begin PBXFileReference section */
		B4C15ACB1E6433D300C0A7F5 /* SimpleNotePadApp.app */ = {isa = PBXFileReference; explicitFileType = wrapper.application; includeInIndex = 0; path = SimpleNotePadApp.app; sourceTree = BUILT_PRODUCTS_DIR; };
		B4C15ACF1E6433D300C0A7F5 /* main.m */ = {isa = PBXFileReference; lastKnownFileType = sourcecode.c.objc; path = main.m; sourceTree = "<group>"; };
		B4C15AD11E6433D300C0A7F5 /* AppDelegate.h */ = {isa = PBXFileReference; lastKnownFileType = sourcecode.c.h; path = AppDelegate.h; sourceTree = "<group>"; };
		B4C15AD21E6433D300C0A7F5 /* AppDelegate.m */ = {isa = PBXFileReference; lastKnownFileType = sourcecode.c.objc; path = AppDelegate.m; sourceTree = "<group>"; };
		B4C15AD41E6433D300C0A7F5 /* ViewController.h */ = {isa = PBXFileReference; lastKnownFileType = sourcecode.c.h; path = ViewController.h; sourceTree = "<group>"; };
		B4C15AD51E6433D300C0A7F5 /* ViewController.m */ = {isa = PBXFileReference; lastKnownFileType = sourcecode.c.objc; path = ViewController.m; sourceTree = "<group>"; };
		B4C15AD81E6433D300C0A7F5 /* Base */ = {isa = PBXFileReference; lastKnownFileType = file.storyboard; name = Base; path = Base.lproj/Main.storyboard; sourceTree = "<group>"; };
		B4C15ADA1E6433D300C0A7F5 /* Assets.xcassets */ = {isa = PBXFileReference; lastKnownFileType = folder.assetcatalog; path = Assets.xcassets; sourceTree = "<group>"; };
		B4C15ADD1E6433D300C0A7F5 /* Base */ = {isa = PBXFileReference; lastKnownFileType = file.storyboard; name = Base; path = Base.lproj/LaunchScreen.storyboard; sourceTree = "<group>"; };
		B4C15ADF1E6433D300C0A7F5 /* Info.plist */ = {isa = PBXFileReference; lastKnownFileType = text.plist.xml; path = Info.plist; sourceTree = "<group>"; };
		B4C15AE41E6433D300C0A7F5 /* SimpleNotePadAppTests.xctest */ = {isa = PBXFileReference; explicitFileType = wrapper.cfbundle; includeInIndex = 0; path = SimpleNotePadAppTests.xctest; sourceTree = BUILT_PRODUCTS_DIR; };
		B4C15AE81E6433D300C0A7F5 /* SimpleNotePadAppTests.m */ = {isa = PBXFileReference; lastKnownFileType = sourcecode.c.objc; path = SimpleNotePadAppTests.m; sourceTree = "<group>"; };
		B4C15AEA1E6433D300C0A7F5 /* Info.plist */ = {isa = PBXFileReference; lastKnownFileType = text.plist.xml; path = Info.plist; sourceTree = "<group>"; };
		B4C15AEF1E6433D300C0A7F5 /* SimpleNotePadAppUITests.xctest */ = {isa = PBXFileReference; explicitFileType = wrapper.cfbundle; includeInIndex = 0; path = SimpleNotePadAppUITests.xctest; sourceTree = BUILT_PRODUCTS_DIR; };
		B4C15AF31E6433D300C0A7F5 /* SimpleNotePadAppUITests.m */ = {isa = PBXFileReference; lastKnownFileType = sourcecode.c.objc; path = SimpleNotePadAppUITests.m; sourceTree = "<group>"; };
		B4C15AF51E6433D300C0A7F5 /* Info.plist */ = {isa = PBXFileReference; lastKnownFileType = text.plist.xml; path = Info.plist; sourceTree = "<group>"; };
/* End PBXFileReference section */

/* Begin PBXFrameworksBuildPhase section */
		B4C15AC81E6433D300C0A7F5 /* Frameworks */ = {
			isa = PBXFrameworksBuildPhase;
			buildActionMask = 2147483647;
			files = (
			);
			runOnlyForDeploymentPostprocessing = 0;
		};
		B4C15AE11E6433D300C0A7F5 /* Frameworks */ = {
			isa = PBXFrameworksBuildPhase;
			buildActionMask = 2147483647;
			files = (
			);
			runOnlyForDeploymentPostprocessing = 0;
		};
		B4C15AEC1E6433D300C0A7F5 /* Frameworks */ = {
			isa = PBXFrameworksBuildPhase;
			buildActionMask = 2147483647;
			files = (
			);
			runOnlyForDeploymentPostprocessing = 0;
		};
/* End PBXFrameworksBuildPhase section */

/* Begin PBXGroup section */
		B4C15AC21E6433D200C0A7F5 = {
			isa = PBXGroup;
			children = (
				B4C15ACD1E6433D300C0A7F5 /* SimpleNotePadApp */,
				B4C15AE71E6433D300C0A7F5 /* SimpleNotePadAppTests */,
				B4C15AF21E6433D300C0A7F5 /* SimpleNotePadAppUITests */,
				B4C15ACC1E6433D300C0A7F5 /* Products */,
			);
			sourceTree = "<group>";
		};
		B4C15ACC1E6433D300C0A7F5 /* Products */ = {
			isa = PBXGroup;
			children = (
				B4C15ACB1E6433D300C0A7F5 /* SimpleNotePadApp.app */,
				B4C15AE41E6433D300C0A7F5 /* SimpleNotePadAppTests.xctest */,
				B4C15AEF1E6433D300C0A7F5 /* SimpleNotePadAppUITests.xctest */,
			);
			name = Products;
			sourceTree = "<group>";
		};
		B4C15ACD1E6433D300C0A7F5 /* SimpleNotePadApp */ = {
			isa = PBXGroup;
			children = (
				B4C15AD11E6433D300C0A7F5 /* AppDelegate.h */,
				B4C15AD21E6433D300C0A7F5 /* AppDelegate.m */,
				B4C15AD41E6433D300C0A7F5 /* ViewController.h */,
				B4C15AD51E6433D300C0A7F5 /* ViewController.m */,
				B4C15AD71E6433D300C0A7F5 /* Main.storyboard */,
				B4C15ADA1E6433D300C0A7F5 /* Assets.xcassets */,
				B4C15ADC1E6433D300C0A7F5 /* LaunchScreen.storyboard */,
				B4C15ADF1E6433D300C0A7F5 /* Info.plist */,
				B4C15ACE1E6433D300C0A7F5 /* Supporting Files */,
			);
			path = SimpleNotePadApp;
			sourceTree = "<group>";
		};
		B4C15ACE1E6433D300C0A7F5 /* Supporting Files */ = {
			isa = PBXGroup;
			children = (
				B4C15ACF1E6433D300C0A7F5 /* main.m */,
			);
			name = "Supporting Files";
			sourceTree = "<group>";
		};
		B4C15AE71E6433D300C0A7F5 /* SimpleNotePadAppTests */ = {
			isa = PBXGroup;
			children = (
				B4C15AE81E6433D300C0A7F5 /* SimpleNotePadAppTests.m */,
				B4C15AEA1E6433D300C0A7F5 /* Info.plist */,
			);
			path = SimpleNotePadAppTests;
			sourceTree = "<group>";
		};
		B4C15AF21E6433D300C0A7F5 /* SimpleNotePadAppUITests */ = {
			isa = PBXGroup;
			children = (
				B4C15AF31E6433D300C0A7F5 /* SimpleNotePadAppUITests.m */,
				B4C15AF51E6433D300C0A7F5 /* Info.plist */,
			);
			path = SimpleNotePadAppUITests;
			sourceTree = "<group>";
		};
/* End PBXGroup section */

/* Begin PBXNativeTarget section */
		B4C15ACA1E6433D300C0A7F5 /* SimpleNotePadApp */ = {
			isa = PBXNativeTarget;
			buildConfigurationList = B4C15AF81E6433D300C0A7F5 /* Build configuration list for PBXNativeTarget "SimpleNotePadApp" */;
			buildPhases = (
				B4C15AC71E6433D300C0A7F5 /* Sources */,
				B4C15AC81E6433D300C0A7F5 /* Frameworks */,
				B4C15AC91E6433D300C0A7F5 /* Resources */,
			);
			buildRules = (
			);
			dependencies = (
			);
			name = SimpleNotePadApp;
			productName = SimpleNotePadApp;
			productReference = B4C15ACB1E6433D300C0A7F5 /* SimpleNotePadApp.app */;
			productType = "com.apple.product-type.application";
		};
		B4C15AE31E6433D300C0A7F5 /* SimpleNotePadAppTests */ = {
			isa = PBXNativeTarget;
			buildConfigurationList = B4C15AFB1E6433D300C0A7F5 /* Build configuration list for PBXNativeTarget "SimpleNotePadAppTests" */;
			buildPhases = (
				B4C15AE01E6433D300C0A7F5 /* Sources */,
				B4C15AE11E6433D300C0A7F5 /* Frameworks */,
				B4C15AE21E6433D300C0A7F5 /* Resources */,
			);
			buildRules = (
			);
			dependencies = (
				B4C15AE61E6433D300C0A7F5 /* PBXTargetDependency */,
			);
			name = SimpleNotePadAppTests;
			productName = SimpleNotePadAppTests;
			productReference = B4C15AE41E6433D300C0A7F5 /* SimpleNotePadAppTests.xctest */;
			productType = "com.apple.product-type.bundle.unit-test";
		};
		B4C15AEE1E6433D300C0A7F5 /* SimpleNotePadAppUITests */ = {
			isa = PBXNativeTarget;
			buildConfigurationList = B4C15AFE1E6433D300C0A7F5 /* Build configuration list for PBXNativeTarget "SimpleNotePadAppUITests" */;
			buildPhases = (
				B4C15AEB1E6433D300C0A7F5 /* Sources */,
				B4C15AEC1E6433D300C0A7F5 /* Frameworks */,
				B4C15AED1E6433D300C0A7F5 /* Resources */,
			);
			buildRules = (
			);
			dependencies = (
				B4C15AF11E6433D300C0A7F5 /* PBXTargetDependency */,
			);
			name = SimpleNotePadAppUITests;
			productName = SimpleNotePadAppUITests;
			productReference = B4C15AEF1E6433D300C0A7F5 /* SimpleNotePadAppUITests.xctest */;
			productType = "com.apple.product-type.bundle.ui-testing";
		};
/* End PBXNativeTarget section */

/* Begin PBXProject section */
		B4C15AC31E6433D200C0A7F5 /* Project object */ = {
			isa = PBXProject;
			attributes = {
				LastUpgradeCheck = 0820;
				ORGANIZATIONNAME = "Sergio Legaspi Jr.";
				TargetAttributes = {
					B4C15ACA1E6433D300C0A7F5 = {
						CreatedOnToolsVersion = 8.2.1;
						ProvisioningStyle = Automatic;
					};
					B4C15AE31E6433D300C0A7F5 = {
						CreatedOnToolsVersion = 8.2.1;
						ProvisioningStyle = Automatic;
						TestTargetID = B4C15ACA1E6433D300C0A7F5;
					};
					B4C15AEE1E6433D300C0A7F5 = {
						CreatedOnToolsVersion = 8.2.1;
						ProvisioningStyle = Automatic;
						TestTargetID = B4C15ACA1E6433D300C0A7F5;
					};
				};
			};
			buildConfigurationList = B4C15AC61E6433D200C0A7F5 /* Build configuration list for PBXProject "SimpleNotePadApp" */;
			compatibilityVersion = "Xcode 3.2";
			developmentRegion = English;
			hasScannedForEncodings = 0;
			knownRegions = (
				en,
				Base,
			);
			mainGroup = B4C15AC21E6433D200C0A7F5;
			productRefGroup = B4C15ACC1E6433D300C0A7F5 /* Products */;
			projectDirPath = "";
			projectRoot = "";
			targets = (
				B4C15ACA1E6433D300C0A7F5 /* SimpleNotePadApp */,
				B4C15AE31E6433D300C0A7F5 /* SimpleNotePadAppTests */,
				B4C15AEE1E6433D300C0A7F5 /* SimpleNotePadAppUITests */,
			);
		};
/* End PBXProject section */

/* Begin PBXResourcesBuildPhase section */
		B4C15AC91E6433D300C0A7F5 /* Resources */ = {
			isa = PBXResourcesBuildPhase;
			buildActionMask = 2147483647;
			files = (
				B4C15ADE1E6433D300C0A7F5 /* LaunchScreen.storyboard in Resources */,
				B4C15ADB1E6433D300C0A7F5 /* Assets.xcassets in Resources */,
				B4C15AD91E6433D300C0A7F5 /* Main.storyboard in Resources */,
			);
			runOnlyForDeploymentPostprocessing = 0;
		};
		B4C15AE21E6433D300C0A7F5 /* Resources */ = {
			isa = PBXResourcesBuildPhase;
			buildActionMask = 2147483647;
			files = (
			);
			runOnlyForDeploymentPostprocessing = 0;
		};
		B4C15AED1E6433D300C0A7F5 /* Resources */ = {
			isa = PBXResourcesBuildPhase;
			buildActionMask = 2147483647;
			files = (
			);
			runOnlyForDeploymentPostprocessing = 0;
		};
/* End PBXResourcesBuildPhase section */

/* Begin PBXSourcesBuildPhase section */
		B4C15AC71E6433D300C0A7F5 /* Sources */ = {
			isa = PBXSourcesBuildPhase;
			buildActionMask = 2147483647;
			files = (
				B4C15AD61E6433D300C0A7F5 /* ViewController.m in Sources */,
				B4C15AD31E6433D300C0A7F5 /* AppDelegate.m in Sources */,
				B4C15AD01E6433D300C0A7F5 /* main.m in Sources */,
			);
			runOnlyForDeploymentPostprocessing = 0;
		};
		B4C15AE01E6433D300C0A7F5 /* Sources */ = {
			isa = PBXSourcesBuildPhase;
			buildActionMask = 2147483647;
			files = (
				B4C15AE91E6433D300C0A7F5 /* SimpleNotePadAppTests.m in Sources */,
			);
			runOnlyForDeploymentPostprocessing = 0;
		};
		B4C15AEB1E6433D300C0A7F5 /* Sources */ = {
			isa = PBXSourcesBuildPhase;
			buildActionMask = 2147483647;
			files = (
				B4C15AF41E6433D300C0A7F5 /* SimpleNotePadAppUITests.m in Sources */,
			);
			runOnlyForDeploymentPostprocessing = 0;
		};
/* End PBXSourcesBuildPhase section */

/* Begin PBXTargetDependency section */
		B4C15AE61E6433D300C0A7F5 /* PBXTargetDependency */ = {
			isa = PBXTargetDependency;
			target = B4C15ACA1E6433D300C0A7F5 /* SimpleNotePadApp */;
			targetProxy = B4C15AE51E6433D300C0A7F5 /* PBXContainerItemProxy */;
		};
		B4C15AF11E6433D300C0A7F5 /* PBXTargetDependency */ = {
			isa = PBXTargetDependency;
			target = B4C15ACA1E6433D300C0A7F5 /* SimpleNotePadApp */;
			targetProxy = B4C15AF01E6433D300C0A7F5 /* PBXContainerItemProxy */;
		};
/* End PBXTargetDependency section */

/* Begin PBXVariantGroup section */
		B4C15AD71E6433D300C0A7F5 /* Main.storyboard */ = {
			isa = PBXVariantGroup;
			children = (
				B4C15AD81E6433D300C0A7F5 /* Base */,
			);
			name = Main.storyboard;
			sourceTree = "<group>";
		};
		B4C15ADC1E6433D300C0A7F5 /* LaunchScreen.storyboard */ = {
			isa = PBXVariantGroup;
			children = (
				B4C15ADD1E6433D300C0A7F5 /* Base */,
			);
			name = LaunchScreen.storyboard;
			sourceTree = "<group>";
		};
/* End PBXVariantGroup section */

/* Begin XCBuildConfiguration section */
		B4C15AF61E6433D300C0A7F5 /* Debug */ = {
			isa = XCBuildConfiguration;
			buildSettings = {
				ALWAYS_SEARCH_USER_PATHS = NO;
				CLANG_ANALYZER_NONNULL = YES;
				CLANG_CXX_LANGUAGE_STANDARD = "gnu++0x";
				CLANG_CXX_LIBRARY = "libc++";
				CLANG_ENABLE_MODULES = YES;
				CLANG_ENABLE_OBJC_ARC = YES;
				CLANG_WARN_BOOL_CONVERSION = YES;
				CLANG_WARN_CONSTANT_CONVERSION = YES;
				CLANG_WARN_DIRECT_OBJC_ISA_USAGE = YES_ERROR;
				CLANG_WARN_DOCUMENTATION_COMMENTS = YES;
				CLANG_WARN_EMPTY_BODY = YES;
				CLANG_WARN_ENUM_CONVERSION = YES;
				CLANG_WARN_INFINITE_RECURSION = YES;
				CLANG_WARN_INT_CONVERSION = YES;
				CLANG_WARN_OBJC_ROOT_CLASS = YES_ERROR;
				CLANG_WARN_SUSPICIOUS_MOVE = YES;
				CLANG_WARN_UNREACHABLE_CODE = YES;
				CLANG_WARN__DUPLICATE_METHOD_MATCH = YES;
				"CODE_SIGN_IDENTITY[sdk=iphoneos*]" = "iPhone Developer";
				COPY_PHASE_STRIP = NO;
				DEBUG_INFORMATION_FORMAT = dwarf;
				ENABLE_STRICT_OBJC_MSGSEND = YES;
				ENABLE_TESTABILITY = YES;
				GCC_C_LANGUAGE_STANDARD = gnu99;
				GCC_DYNAMIC_NO_PIC = NO;
				GCC_NO_COMMON_BLOCKS = YES;
				GCC_OPTIMIZATION_LEVEL = 0;
				GCC_PREPROCESSOR_DEFINITIONS = (
					"DEBUG=1",
					"$(inherited)",
				);
				GCC_WARN_64_TO_32_BIT_CONVERSION = YES;
				GCC_WARN_ABOUT_RETURN_TYPE = YES_ERROR;
				GCC_WARN_UNDECLARED_SELECTOR = YES;
				GCC_WARN_UNINITIALIZED_AUTOS = YES_AGGRESSIVE;
				GCC_WARN_UNUSED_FUNCTION = YES;
				GCC_WARN_UNUSED_VARIABLE = YES;
				IPHONEOS_DEPLOYMENT_TARGET = 10.2;
				MTL_ENABLE_DEBUG_INFO = YES;
				ONLY_ACTIVE_ARCH = YES;
				SDKROOT = iphoneos;
				TARGETED_DEVICE_FAMILY = "1,2";
			};
			name = Debug;
		};
		B4C15AF71E6433D300C0A7F5 /* Release */ = {
			isa = XCBuildConfiguration;
			buildSettings = {
				ALWAYS_SEARCH_USER_PATHS = NO;
				CLANG_ANALYZER_NONNULL = YES;
				CLANG_CXX_LANGUAGE_STANDARD = "gnu++0x";
				CLANG_CXX_LIBRARY = "libc++";
				CLANG_ENABLE_MODULES = YES;
				CLANG_ENABLE_OBJC_ARC = YES;
				CLANG_WARN_BOOL_CONVERSION = YES;
				CLANG_WARN_CONSTANT_CONVERSION = YES;
				CLANG_WARN_DIRECT_OBJC_ISA_USAGE = YES_ERROR;
				CLANG_WARN_DOCUMENTATION_COMMENTS = YES;
				CLANG_WARN_EMPTY_BODY = YES;
				CLANG_WARN_ENUM_CONVERSION = YES;
				CLANG_WARN_INFINITE_RECURSION = YES;
				CLANG_WARN_INT_CONVERSION = YES;
				CLANG_WARN_OBJC_ROOT_CLASS = YES_ERROR;
				CLANG_WARN_SUSPICIOUS_MOVE = YES;
				CLANG_WARN_UNREACHABLE_CODE = YES;
				CLANG_WARN__DUPLICATE_METHOD_MATCH = YES;
				"CODE_SIGN_IDENTITY[sdk=iphoneos*]" = "iPhone Developer";
				COPY_PHASE_STRIP = NO;
				DEBUG_INFORMATION_FORMAT = "dwarf-with-dsym";
				ENABLE_NS_ASSERTIONS = NO;
				ENABLE_STRICT_OBJC_MSGSEND = YES;
				GCC_C_LANGUAGE_STANDARD = gnu99;
				GCC_NO_COMMON_BLOCKS = YES;
				GCC_WARN_64_TO_32_BIT_CONVERSION = YES;
				GCC_WARN_ABOUT_RETURN_TYPE = YES_ERROR;
				GCC_WARN_UNDECLARED_SELECTOR = YES;
				GCC_WARN_UNINITIALIZED_AUTOS = YES_AGGRESSIVE;
				GCC_WARN_UNUSED_FUNCTION = YES;
				GCC_WARN_UNUSED_VARIABLE = YES;
				IPHONEOS_DEPLOYMENT_TARGET = 10.2;
				MTL_ENABLE_DEBUG_INFO = NO;
				SDKROOT = iphoneos;
				TARGETED_DEVICE_FAMILY = "1,2";
				VALIDATE_PRODUCT = YES;
			};
			name = Release;
		};
		B4C15AF91E6433D300C0A7F5 /* Debug */ = {
			isa = XCBuildConfiguration;
			buildSettings = {
				ASSETCATALOG_COMPILER_APPICON_NAME = AppIcon;
				INFOPLIST_FILE = SimpleNotePadApp/Info.plist;
				LD_RUNPATH_SEARCH_PATHS = "$(inherited) @executable_path/Frameworks";
				PRODUCT_BUNDLE_IDENTIFIER = com.gio.SimpleNotePadApp;
				PRODUCT_NAME = "$(TARGET_NAME)";
			};
			name = Debug;
		};
		B4C15AFA1E6433D300C0A7F5 /* Release */ = {
			isa = XCBuildConfiguration;
			buildSettings = {
				ASSETCATALOG_COMPILER_APPICON_NAME = AppIcon;
				INFOPLIST_FILE = SimpleNotePadApp/Info.plist;
				LD_RUNPATH_SEARCH_PATHS = "$(inherited) @executable_path/Frameworks";
				PRODUCT_BUNDLE_IDENTIFIER = com.gio.SimpleNotePadApp;
				PRODUCT_NAME = "$(TARGET_NAME)";
			};
			name = Release;
		};
		B4C15AFC1E6433D300C0A7F5 /* Debug */ = {
			isa = XCBuildConfiguration;
			buildSettings = {
				BUNDLE_LOADER = "$(TEST_HOST)";
				INFOPLIST_FILE = SimpleNotePadAppTests/Info.plist;
				LD_RUNPATH_SEARCH_PATHS = "$(inherited) @executable_path/Frameworks @loader_path/Frameworks";
				PRODUCT_BUNDLE_IDENTIFIER = com.gio.SimpleNotePadAppTests;
				PRODUCT_NAME = "$(TARGET_NAME)";
				TEST_HOST = "$(BUILT_PRODUCTS_DIR)/SimpleNotePadApp.app/SimpleNotePadApp";
			};
			name = Debug;
		};
		B4C15AFD1E6433D300C0A7F5 /* Release */ = {
			isa = XCBuildConfiguration;
			buildSettings = {
				BUNDLE_LOADER = "$(TEST_HOST)";
				INFOPLIST_FILE = SimpleNotePadAppTests/Info.plist;
				LD_RUNPATH_SEARCH_PATHS = "$(inherited) @executable_path/Frameworks @loader_path/Frameworks";
				PRODUCT_BUNDLE_IDENTIFIER = com.gio.SimpleNotePadAppTests;
				PRODUCT_NAME = "$(TARGET_NAME)";
				TEST_HOST = "$(BUILT_PRODUCTS_DIR)/SimpleNotePadApp.app/SimpleNotePadApp";
			};
			name = Release;
		};
		B4C15AFF1E6433D300C0A7F5 /* Debug */ = {
			isa = XCBuildConfiguration;
			buildSettings = {
				INFOPLIST_FILE = SimpleNotePadAppUITests/Info.plist;
				LD_RUNPATH_SEARCH_PATHS = "$(inherited) @executable_path/Frameworks @loader_path/Frameworks";
				PRODUCT_BUNDLE_IDENTIFIER = com.gio.SimpleNotePadAppUITests;
				PRODUCT_NAME = "$(TARGET_NAME)";
				TEST_TARGET_NAME = SimpleNotePadApp;
			};
			name = Debug;
		};
		B4C15B001E6433D300C0A7F5 /* Release */ = {
			isa = XCBuildConfiguration;
			buildSettings = {
				INFOPLIST_FILE = SimpleNotePadAppUITests/Info.plist;
				LD_RUNPATH_SEARCH_PATHS = "$(inherited) @executable_path/Frameworks @loader_path/Frameworks";
				PRODUCT_BUNDLE_IDENTIFIER = com.gio.SimpleNotePadAppUITests;
				PRODUCT_NAME = "$(TARGET_NAME)";
				TEST_TARGET_NAME = SimpleNotePadApp;
			};
			name = Release;
		};
/* End XCBuildConfiguration section */

/* Begin XCConfigurationList section */
		B4C15AC61E6433D200C0A7F5 /* Build configuration list for PBXProject "SimpleNotePadApp" */ = {
			isa = XCConfigurationList;
			buildConfigurations = (
				B4C15AF61E6433D300C0A7F5 /* Debug */,
				B4C15AF71E6433D300C0A7F5 /* Release */,
			);
			defaultConfigurationIsVisible = 0;
			defaultConfigurationName = Release;
		};
		B4C15AF81E6433D300C0A7F5 /* Build configuration list for PBXNativeTarget "SimpleNotePadApp" */ = {
			isa = XCConfigurationList;
			buildConfigurations = (
				B4C15AF91E6433D300C0A7F5 /* Debug */,
				B4C15AFA1E6433D300C0A7F5 /* Release */,
			);
			defaultConfigurationIsVisible = 0;
		};
		B4C15AFB1E6433D300C0A7F5 /* Build configuration list for PBXNativeTarget "SimpleNotePadAppTests" */ = {
			isa = XCConfigurationList;
			buildConfigurations = (
				B4C15AFC1E6433D300C0A7F5 /* Debug */,
				B4C15AFD1E6433D300C0A7F5 /* Release */,
			);
			defaultConfigurationIsVisible = 0;
		};
		B4C15AFE1E6433D300C0A7F5 /* Build configuration list for PBXNativeTarget "SimpleNotePadAppUITests" */ = {
			isa = XCConfigurationList;
			buildConfigurations = (
				B4C15AFF1E6433D300C0A7F5 /* Debug */,
				B4C15B001E6433D300C0A7F5 /* Release */,
			);
			defaultConfigurationIsVisible = 0;
		};
/* End XCConfigurationList section */
	};
	rootObject = B4C15AC31E6433D200C0A7F5 /* Project object */;
}
